
Microsoft Visual Studio Solution File, Format Version 12.00
# Visual Studio 15
VisualStudioVersion = 15.0.27130.2027
MinimumVisualStudioVersion = 10.0.40219.1
Project("{FAE04EC0-301F-11D3-BF4B-00C04F79EFBC}") = "SimpleTaskSystem.Core", "SimpleTaskSystem.Core\SimpleTaskSystem.Core.csproj", "{17298EA0-AF73-4F30-B6F1-2066100D7D74}"
EndProject
Project("{FAE04EC0-301F-11D3-BF4B-00C04F79EFBC}") = "SimpleTaskSystem.Application", "SimpleTaskSystem.Application\SimpleTaskSystem.Application.csproj", "{EDF5D964-4C0F-4F19-B674-58A38A5E5401}"
EndProject
Project("{FAE04EC0-301F-11D3-BF4B-00C04F79EFBC}") = "SimpleTaskSystem.WebApi", "SimpleTaskSystem.WebApi\SimpleTaskSystem.WebApi.csproj", "{5EB52D3D-09FD-463A-B02A-8D9856BD3724}"
EndProject
Project("{2150E333-8FDC-42A3-9474-1A3956D46DE8}") = "Common", "Common", "{679BAA44-7C00-45A8-B769-4442DAD8458C}"
EndProject
Project("{FAE04EC0-301F-11D3-BF4B-00C04F79EFBC}") = "SimpleTaskSystem.WebSpaAngular", "SimpleTaskSystem.WebSpaAngular\SimpleTaskSystem.WebSpaAngular.csproj", "{897F6FD8-6F90-48E4-95A5-B4429B896205}"
EndProject
Project("{FAE04EC0-301F-11D3-BF4B-00C04F79EFBC}") = "SimpleTaskSystem.WebSpaDurandal", "SimpleTaskSystem.WebSpaDurandal\SimpleTaskSystem.WebSpaDurandal.csproj", "{E3DBB7F7-406D-4AE6-AD0A-59BF69DF536F}"
EndProject
Project("{FAE04EC0-301F-11D3-BF4B-00C04F79EFBC}") = "SimpleTaskSystem.EntityFramework", "SimpleTaskSystem.EntityFramework\SimpleTaskSystem.EntityFramework.csproj", "{3979F157-DEB0-4878-AB1D-4CEF6B5A1300}"
EndProject
Project("{FAE04EC0-301F-11D3-BF4B-00C04F79EFBC}") = "SimpleTaskSystem.NHibernate", "SimpleTaskSystem.NHibernate\SimpleTaskSystem.NHibernate.csproj", "{5B9B8451-736C-41F8-AD7E-D7E6885964BA}"
EndProject
Project("{2150E333-8FDC-42A3-9474-1A3956D46DE8}") = ".nuget", ".nuget", "{D742A110-9EC6-43AA-8DAA-F4489E89A625}"
	ProjectSection(SolutionItems) = preProject
		.nuget\NuGet.Config = .nuget\NuGet.Config
		.nuget\NuGet.exe = .nuget\NuGet.exe
		.nuget\NuGet.targets = .nuget\NuGet.targets
	EndProjectSection
EndProject
Project("{FAE04EC0-301F-11D3-BF4B-00C04F79EFBC}") = "SimpleTaskSystem.ConsoleApp", "SimpleTaskSystem.ConsoleApp\SimpleTaskSystem.ConsoleApp.csproj", "{858EE6C5-E5F6-45BC-BA74-04F2BFD169EE}"
EndProject
Project("{2150E333-8FDC-42A3-9474-1A3956D46DE8}") = "Tests", "Tests", "{DBAD8891-A456-4540-936F-D13B363F3141}"
EndProject
Project("{FAE04EC0-301F-11D3-BF4B-00C04F79EFBC}") = "SimpleTaskSystem.Test", "Tests\SimpleTaskSystem.Test\SimpleTaskSystem.Test.csproj", "{8338C51E-DF08-43F4-BC7D-1B8584BB2AD5}"
EndProject
Project("{2150E333-8FDC-42A3-9474-1A3956D46DE8}") = "ABP", "ABP", "{836A951A-8018-4A73-8FAA-9BABFB831788}"
EndProject
Project("{9A19103F-16F7-4668-BE54-9A1E7A4F7556}") = "Abp", "ABP\Abp\Abp.csproj", "{AC0BA4C5-4DAF-4B4B-AD6F-5CBBCE9174F2}"
EndProject
Project("{9A19103F-16F7-4668-BE54-9A1E7A4F7556}") = "Abp.Castle.Log4Net", "ABP\Abp.Castle.Log4Net\Abp.Castle.Log4Net.csproj", "{9EA6F9A9-ED7E-4289-BDCE-5495A995D48E}"
EndProject
Project("{9A19103F-16F7-4668-BE54-9A1E7A4F7556}") = "Abp.AutoMapper", "ABP\Abp.AutoMapper\Abp.AutoMapper.csproj", "{BCFAEAAB-FEA0-4E1A-A54D-FB4C6CB6EDDB}"
EndProject
Project("{9A19103F-16F7-4668-BE54-9A1E7A4F7556}") = "Abp.EntityFramework", "ABP\Abp.EntityFramework\Abp.EntityFramework.csproj", "{56CAD51C-6ED0-4533-A90A-FC22791E1224}"
EndProject
Project("{9A19103F-16F7-4668-BE54-9A1E7A4F7556}") = "Abp.EntityFramework.Common", "ABP\Abp.EntityFramework.Common\Abp.EntityFramework.Common.csproj", "{4806D1C6-1931-4AA9-83A8-1DAC10877146}"
EndProject
Project("{9A19103F-16F7-4668-BE54-9A1E7A4F7556}") = "Abp.Web", "ABP\Abp.Web\Abp.Web.csproj", "{186B38E8-1F98-4A05-AF43-1B7F502ECACD}"
EndProject
Project("{9A19103F-16F7-4668-BE54-9A1E7A4F7556}") = "Abp.Web.Api", "ABP\Abp.Web.Api\Abp.Web.Api.csproj", "{61E9601B-2D0F-4FAD-A888-EC67CF287E59}"
EndProject
Project("{9A19103F-16F7-4668-BE54-9A1E7A4F7556}") = "Abp.Web.Common", "ABP\Abp.Web.Common\Abp.Web.Common.csproj", "{4EB29220-EB0C-4C2D-8731-80F244DF90BD}"
EndProject
Project("{9A19103F-16F7-4668-BE54-9A1E7A4F7556}") = "Abp.Web.Mvc", "ABP\Abp.Web.Mvc\Abp.Web.Mvc.csproj", "{91DED03F-7FC5-4161-BD9A-366F706C85F8}"
EndProject
Project("{9A19103F-16F7-4668-BE54-9A1E7A4F7556}") = "Abp.Web.Resources", "ABP\Abp.Web.Resources\Abp.Web.Resources.csproj", "{15861F2A-2709-4DCF-9338-C30AB68D9A16}"
EndProject
Project("{2150E333-8FDC-42A3-9474-1A3956D46DE8}") = "AspDotNetStack", "AspDotNetStack", "{2ECE70A1-BACE-4595-8F75-5E051D5EF94B}"
EndProject
Project("{FAE04EC0-301F-11D3-BF4B-00C04F79EFBC}") = "System.Web.Http", "AspNetStack\System.Web.Http\System.Web.Http.csproj", "{DDC1CE0C-486E-4E35-BB3B-EAB61F8F9440}"
EndProject
Project("{FAE04EC0-301F-11D3-BF4B-00C04F79EFBC}") = "System.Net.Http.Formatting", "AspNetStack\System.Net.Http.Formatting\System.Net.Http.Formatting.csproj", "{668E9021-CE84-49D9-98FB-DF125A9FCDB0}"
EndProject
Project("{FAE04EC0-301F-11D3-BF4B-00C04F79EFBC}") = "System.Web.Http.WebHost", "AspNetStack\System.Web.Http.WebHost\System.Web.Http.WebHost.csproj", "{A0187BC2-8325-4BB2-8697-7F955CF4173E}"
EndProject
Project("{FAE04EC0-301F-11D3-BF4B-00C04F79EFBC}") = "System.Web.Cors", "AspNetStack\System.Web.Cors\System.Web.Cors.csproj", "{43C1B979-D593-4A32-BB3A-4316F1C66D66}"
EndProject
Project("{FAE04EC0-301F-11D3-BF4B-00C04F79EFBC}") = "System.Web.Http.Cors", "AspNetStack\System.Web.Http.Cors\System.Web.Http.Cors.csproj", "{25DEF6F6-7F99-4EB7-91ED-5181A346AFE1}"
EndProject
Global
	GlobalSection(SolutionConfigurationPlatforms) = preSolution
		CodeAnalysis|Any CPU = CodeAnalysis|Any CPU
		Debug|Any CPU = Debug|Any CPU
		Release|Any CPU = Release|Any CPU
	EndGlobalSection
	GlobalSection(ProjectConfigurationPlatforms) = postSolution
		{17298EA0-AF73-4F30-B6F1-2066100D7D74}.CodeAnalysis|Any CPU.ActiveCfg = Release|Any CPU
		{17298EA0-AF73-4F30-B6F1-2066100D7D74}.CodeAnalysis|Any CPU.Build.0 = Release|Any CPU
		{17298EA0-AF73-4F30-B6F1-2066100D7D74}.Debug|Any CPU.ActiveCfg = Debug|Any CPU
		{17298EA0-AF73-4F30-B6F1-2066100D7D74}.Debug|Any CPU.Build.0 = Debug|Any CPU
		{17298EA0-AF73-4F30-B6F1-2066100D7D74}.Release|Any CPU.ActiveCfg = Release|Any CPU
		{17298EA0-AF73-4F30-B6F1-2066100D7D74}.Release|Any CPU.Build.0 = Release|Any CPU
		{EDF5D964-4C0F-4F19-B674-58A38A5E5401}.CodeAnalysis|Any CPU.ActiveCfg = Release|Any CPU
		{EDF5D964-4C0F-4F19-B674-58A38A5E5401}.CodeAnalysis|Any CPU.Build.0 = Release|Any CPU
		{EDF5D964-4C0F-4F19-B674-58A38A5E5401}.Debug|Any CPU.ActiveCfg = Debug|Any CPU
		{EDF5D964-4C0F-4F19-B674-58A38A5E5401}.Debug|Any CPU.Build.0 = Debug|Any CPU
		{EDF5D964-4C0F-4F19-B674-58A38A5E5401}.Release|Any CPU.ActiveCfg = Release|Any CPU
		{EDF5D964-4C0F-4F19-B674-58A38A5E5401}.Release|Any CPU.Build.0 = Release|Any CPU
		{5EB52D3D-09FD-463A-B02A-8D9856BD3724}.CodeAnalysis|Any CPU.ActiveCfg = Release|Any CPU
		{5EB52D3D-09FD-463A-B02A-8D9856BD3724}.CodeAnalysis|Any CPU.Build.0 = Release|Any CPU
		{5EB52D3D-09FD-463A-B02A-8D9856BD3724}.Debug|Any CPU.ActiveCfg = Debug|Any CPU
		{5EB52D3D-09FD-463A-B02A-8D9856BD3724}.Debug|Any CPU.Build.0 = Debug|Any CPU
		{5EB52D3D-09FD-463A-B02A-8D9856BD3724}.Release|Any CPU.ActiveCfg = Release|Any CPU
		{5EB52D3D-09FD-463A-B02A-8D9856BD3724}.Release|Any CPU.Build.0 = Release|Any CPU
		{897F6FD8-6F90-48E4-95A5-B4429B896205}.CodeAnalysis|Any CPU.ActiveCfg = Release|Any CPU
		{897F6FD8-6F90-48E4-95A5-B4429B896205}.CodeAnalysis|Any CPU.Build.0 = Release|Any CPU
		{897F6FD8-6F90-48E4-95A5-B4429B896205}.Debug|Any CPU.ActiveCfg = Debug|Any CPU
		{897F6FD8-6F90-48E4-95A5-B4429B896205}.Debug|Any CPU.Build.0 = Debug|Any CPU
		{897F6FD8-6F90-48E4-95A5-B4429B896205}.Release|Any CPU.ActiveCfg = Release|Any CPU
		{897F6FD8-6F90-48E4-95A5-B4429B896205}.Release|Any CPU.Build.0 = Release|Any CPU
		{E3DBB7F7-406D-4AE6-AD0A-59BF69DF536F}.CodeAnalysis|Any CPU.ActiveCfg = Release|Any CPU
		{E3DBB7F7-406D-4AE6-AD0A-59BF69DF536F}.CodeAnalysis|Any CPU.Build.0 = Release|Any CPU
		{E3DBB7F7-406D-4AE6-AD0A-59BF69DF536F}.Debug|Any CPU.ActiveCfg = Debug|Any CPU
		{E3DBB7F7-406D-4AE6-AD0A-59BF69DF536F}.Debug|Any CPU.Build.0 = Debug|Any CPU
		{E3DBB7F7-406D-4AE6-AD0A-59BF69DF536F}.Release|Any CPU.ActiveCfg = Release|Any CPU
		{E3DBB7F7-406D-4AE6-AD0A-59BF69DF536F}.Release|Any CPU.Build.0 = Release|Any CPU
		{3979F157-DEB0-4878-AB1D-4CEF6B5A1300}.CodeAnalysis|Any CPU.ActiveCfg = Release|Any CPU
		{3979F157-DEB0-4878-AB1D-4CEF6B5A1300}.CodeAnalysis|Any CPU.Build.0 = Release|Any CPU
		{3979F157-DEB0-4878-AB1D-4CEF6B5A1300}.Debug|Any CPU.ActiveCfg = Debug|Any CPU
		{3979F157-DEB0-4878-AB1D-4CEF6B5A1300}.Debug|Any CPU.Build.0 = Debug|Any CPU
		{3979F157-DEB0-4878-AB1D-4CEF6B5A1300}.Release|Any CPU.ActiveCfg = Release|Any CPU
		{3979F157-DEB0-4878-AB1D-4CEF6B5A1300}.Release|Any CPU.Build.0 = Release|Any CPU
		{5B9B8451-736C-41F8-AD7E-D7E6885964BA}.CodeAnalysis|Any CPU.ActiveCfg = Release|Any CPU
		{5B9B8451-736C-41F8-AD7E-D7E6885964BA}.CodeAnalysis|Any CPU.Build.0 = Release|Any CPU
		{5B9B8451-736C-41F8-AD7E-D7E6885964BA}.Debug|Any CPU.ActiveCfg = Debug|Any CPU
		{5B9B8451-736C-41F8-AD7E-D7E6885964BA}.Debug|Any CPU.Build.0 = Debug|Any CPU
		{5B9B8451-736C-41F8-AD7E-D7E6885964BA}.Release|Any CPU.ActiveCfg = Release|Any CPU
		{5B9B8451-736C-41F8-AD7E-D7E6885964BA}.Release|Any CPU.Build.0 = Release|Any CPU
		{858EE6C5-E5F6-45BC-BA74-04F2BFD169EE}.CodeAnalysis|Any CPU.ActiveCfg = Release|Any CPU
		{858EE6C5-E5F6-45BC-BA74-04F2BFD169EE}.CodeAnalysis|Any CPU.Build.0 = Release|Any CPU
		{858EE6C5-E5F6-45BC-BA74-04F2BFD169EE}.Debug|Any CPU.ActiveCfg = Debug|Any CPU
		{858EE6C5-E5F6-45BC-BA74-04F2BFD169EE}.Debug|Any CPU.Build.0 = Debug|Any CPU
		{858EE6C5-E5F6-45BC-BA74-04F2BFD169EE}.Release|Any CPU.ActiveCfg = Release|Any CPU
		{858EE6C5-E5F6-45BC-BA74-04F2BFD169EE}.Release|Any CPU.Build.0 = Release|Any CPU
		{8338C51E-DF08-43F4-BC7D-1B8584BB2AD5}.CodeAnalysis|Any CPU.ActiveCfg = Release|Any CPU
		{8338C51E-DF08-43F4-BC7D-1B8584BB2AD5}.CodeAnalysis|Any CPU.Build.0 = Release|Any CPU
		{8338C51E-DF08-43F4-BC7D-1B8584BB2AD5}.Debug|Any CPU.ActiveCfg = Debug|Any CPU
		{8338C51E-DF08-43F4-BC7D-1B8584BB2AD5}.Debug|Any CPU.Build.0 = Debug|Any CPU
		{8338C51E-DF08-43F4-BC7D-1B8584BB2AD5}.Release|Any CPU.ActiveCfg = Release|Any CPU
		{8338C51E-DF08-43F4-BC7D-1B8584BB2AD5}.Release|Any CPU.Build.0 = Release|Any CPU
		{AC0BA4C5-4DAF-4B4B-AD6F-5CBBCE9174F2}.CodeAnalysis|Any CPU.ActiveCfg = Release|Any CPU
		{AC0BA4C5-4DAF-4B4B-AD6F-5CBBCE9174F2}.CodeAnalysis|Any CPU.Build.0 = Release|Any CPU
		{AC0BA4C5-4DAF-4B4B-AD6F-5CBBCE9174F2}.Debug|Any CPU.ActiveCfg = Debug|Any CPU
		{AC0BA4C5-4DAF-4B4B-AD6F-5CBBCE9174F2}.Debug|Any CPU.Build.0 = Debug|Any CPU
		{AC0BA4C5-4DAF-4B4B-AD6F-5CBBCE9174F2}.Release|Any CPU.ActiveCfg = Release|Any CPU
		{AC0BA4C5-4DAF-4B4B-AD6F-5CBBCE9174F2}.Release|Any CPU.Build.0 = Release|Any CPU
		{9EA6F9A9-ED7E-4289-BDCE-5495A995D48E}.CodeAnalysis|Any CPU.ActiveCfg = Release|Any CPU
		{9EA6F9A9-ED7E-4289-BDCE-5495A995D48E}.CodeAnalysis|Any CPU.Build.0 = Release|Any CPU
		{9EA6F9A9-ED7E-4289-BDCE-5495A995D48E}.Debug|Any CPU.ActiveCfg = Debug|Any CPU
		{9EA6F9A9-ED7E-4289-BDCE-5495A995D48E}.Debug|Any CPU.Build.0 = Debug|Any CPU
		{9EA6F9A9-ED7E-4289-BDCE-5495A995D48E}.Release|Any CPU.ActiveCfg = Release|Any CPU
		{9EA6F9A9-ED7E-4289-BDCE-5495A995D48E}.Release|Any CPU.Build.0 = Release|Any CPU
		{BCFAEAAB-FEA0-4E1A-A54D-FB4C6CB6EDDB}.CodeAnalysis|Any CPU.ActiveCfg = Release|Any CPU
		{BCFAEAAB-FEA0-4E1A-A54D-FB4C6CB6EDDB}.CodeAnalysis|Any CPU.Build.0 = Release|Any CPU
		{BCFAEAAB-FEA0-4E1A-A54D-FB4C6CB6EDDB}.Debug|Any CPU.ActiveCfg = Debug|Any CPU
		{BCFAEAAB-FEA0-4E1A-A54D-FB4C6CB6EDDB}.Debug|Any CPU.Build.0 = Debug|Any CPU
		{BCFAEAAB-FEA0-4E1A-A54D-FB4C6CB6EDDB}.Release|Any CPU.ActiveCfg = Release|Any CPU
		{BCFAEAAB-FEA0-4E1A-A54D-FB4C6CB6EDDB}.Release|Any CPU.Build.0 = Release|Any CPU
		{56CAD51C-6ED0-4533-A90A-FC22791E1224}.CodeAnalysis|Any CPU.ActiveCfg = Release|Any CPU
		{56CAD51C-6ED0-4533-A90A-FC22791E1224}.CodeAnalysis|Any CPU.Build.0 = Release|Any CPU
		{56CAD51C-6ED0-4533-A90A-FC22791E1224}.Debug|Any CPU.ActiveCfg = Debug|Any CPU
		{56CAD51C-6ED0-4533-A90A-FC22791E1224}.Debug|Any CPU.Build.0 = Debug|Any CPU
		{56CAD51C-6ED0-4533-A90A-FC22791E1224}.Release|Any CPU.ActiveCfg = Release|Any CPU
		{56CAD51C-6ED0-4533-A90A-FC22791E1224}.Release|Any CPU.Build.0 = Release|Any CPU
		{4806D1C6-1931-4AA9-83A8-1DAC10877146}.CodeAnalysis|Any CPU.ActiveCfg = Release|Any CPU
		{4806D1C6-1931-4AA9-83A8-1DAC10877146}.CodeAnalysis|Any CPU.Build.0 = Release|Any CPU
		{4806D1C6-1931-4AA9-83A8-1DAC10877146}.Debug|Any CPU.ActiveCfg = Debug|Any CPU
		{4806D1C6-1931-4AA9-83A8-1DAC10877146}.Debug|Any CPU.Build.0 = Debug|Any CPU
		{4806D1C6-1931-4AA9-83A8-1DAC10877146}.Release|Any CPU.ActiveCfg = Release|Any CPU
		{4806D1C6-1931-4AA9-83A8-1DAC10877146}.Release|Any CPU.Build.0 = Release|Any CPU
		{186B38E8-1F98-4A05-AF43-1B7F502ECACD}.CodeAnalysis|Any CPU.ActiveCfg = Release|Any CPU
		{186B38E8-1F98-4A05-AF43-1B7F502ECACD}.CodeAnalysis|Any CPU.Build.0 = Release|Any CPU
		{186B38E8-1F98-4A05-AF43-1B7F502ECACD}.Debug|Any CPU.ActiveCfg = Debug|Any CPU
		{186B38E8-1F98-4A05-AF43-1B7F502ECACD}.Debug|Any CPU.Build.0 = Debug|Any CPU
		{186B38E8-1F98-4A05-AF43-1B7F502ECACD}.Release|Any CPU.ActiveCfg = Release|Any CPU
		{186B38E8-1F98-4A05-AF43-1B7F502ECACD}.Release|Any CPU.Build.0 = Release|Any CPU
		{61E9601B-2D0F-4FAD-A888-EC67CF287E59}.CodeAnalysis|Any CPU.ActiveCfg = Release|Any CPU
		{61E9601B-2D0F-4FAD-A888-EC67CF287E59}.CodeAnalysis|Any CPU.Build.0 = Release|Any CPU
		{61E9601B-2D0F-4FAD-A888-EC67CF287E59}.Debug|Any CPU.ActiveCfg = Debug|Any CPU
		{61E9601B-2D0F-4FAD-A888-EC67CF287E59}.Debug|Any CPU.Build.0 = Debug|Any CPU
		{61E9601B-2D0F-4FAD-A888-EC67CF287E59}.Release|Any CPU.ActiveCfg = Release|Any CPU
		{61E9601B-2D0F-4FAD-A888-EC67CF287E59}.Release|Any CPU.Build.0 = Release|Any CPU
		{4EB29220-EB0C-4C2D-8731-80F244DF90BD}.CodeAnalysis|Any CPU.ActiveCfg = Release|Any CPU
		{4EB29220-EB0C-4C2D-8731-80F244DF90BD}.CodeAnalysis|Any CPU.Build.0 = Release|Any CPU
		{4EB29220-EB0C-4C2D-8731-80F244DF90BD}.Debug|Any CPU.ActiveCfg = Debug|Any CPU
		{4EB29220-EB0C-4C2D-8731-80F244DF90BD}.Debug|Any CPU.Build.0 = Debug|Any CPU
		{4EB29220-EB0C-4C2D-8731-80F244DF90BD}.Release|Any CPU.ActiveCfg = Release|Any CPU
		{4EB29220-EB0C-4C2D-8731-80F244DF90BD}.Release|Any CPU.Build.0 = Release|Any CPU
		{91DED03F-7FC5-4161-BD9A-366F706C85F8}.CodeAnalysis|Any CPU.ActiveCfg = Release|Any CPU
		{91DED03F-7FC5-4161-BD9A-366F706C85F8}.CodeAnalysis|Any CPU.Build.0 = Release|Any CPU
		{91DED03F-7FC5-4161-BD9A-366F706C85F8}.Debug|Any CPU.ActiveCfg = Debug|Any CPU
		{91DED03F-7FC5-4161-BD9A-366F706C85F8}.Debug|Any CPU.Build.0 = Debug|Any CPU
		{91DED03F-7FC5-4161-BD9A-366F706C85F8}.Release|Any CPU.ActiveCfg = Release|Any CPU
		{91DED03F-7FC5-4161-BD9A-366F706C85F8}.Release|Any CPU.Build.0 = Release|Any CPU
		{15861F2A-2709-4DCF-9338-C30AB68D9A16}.CodeAnalysis|Any CPU.ActiveCfg = Release|Any CPU
		{15861F2A-2709-4DCF-9338-C30AB68D9A16}.CodeAnalysis|Any CPU.Build.0 = Release|Any CPU
		{15861F2A-2709-4DCF-9338-C30AB68D9A16}.Debug|Any CPU.ActiveCfg = Debug|Any CPU
		{15861F2A-2709-4DCF-9338-C30AB68D9A16}.Debug|Any CPU.Build.0 = Debug|Any CPU
		{15861F2A-2709-4DCF-9338-C30AB68D9A16}.Release|Any CPU.ActiveCfg = Release|Any CPU
		{15861F2A-2709-4DCF-9338-C30AB68D9A16}.Release|Any CPU.Build.0 = Release|Any CPU
		{DDC1CE0C-486E-4E35-BB3B-EAB61F8F9440}.CodeAnalysis|Any CPU.ActiveCfg = CodeAnalysis|Any CPU
		{DDC1CE0C-486E-4E35-BB3B-EAB61F8F9440}.CodeAnalysis|Any CPU.Build.0 = CodeAnalysis|Any CPU
		{DDC1CE0C-486E-4E35-BB3B-EAB61F8F9440}.Debug|Any CPU.ActiveCfg = Debug|Any CPU
		{DDC1CE0C-486E-4E35-BB3B-EAB61F8F9440}.Debug|Any CPU.Build.0 = Debug|Any CPU
		{DDC1CE0C-486E-4E35-BB3B-EAB61F8F9440}.Release|Any CPU.ActiveCfg = Release|Any CPU
		{DDC1CE0C-486E-4E35-BB3B-EAB61F8F9440}.Release|Any CPU.Build.0 = Release|Any CPU
		{668E9021-CE84-49D9-98FB-DF125A9FCDB0}.CodeAnalysis|Any CPU.ActiveCfg = CodeAnalysis|Any CPU
		{668E9021-CE84-49D9-98FB-DF125A9FCDB0}.CodeAnalysis|Any CPU.Build.0 = CodeAnalysis|Any CPU
		{668E9021-CE84-49D9-98FB-DF125A9FCDB0}.Debug|Any CPU.ActiveCfg = Debug|Any CPU
		{668E9021-CE84-49D9-98FB-DF125A9FCDB0}.Debug|Any CPU.Build.0 = Debug|Any CPU
		{668E9021-CE84-49D9-98FB-DF125A9FCDB0}.Release|Any CPU.ActiveCfg = Release|Any CPU
		{668E9021-CE84-49D9-98FB-DF125A9FCDB0}.Release|Any CPU.Build.0 = Release|Any CPU
		{A0187BC2-8325-4BB2-8697-7F955CF4173E}.CodeAnalysis|Any CPU.ActiveCfg = CodeAnalysis|Any CPU
		{A0187BC2-8325-4BB2-8697-7F955CF4173E}.CodeAnalysis|Any CPU.Build.0 = CodeAnalysis|Any CPU
		{A0187BC2-8325-4BB2-8697-7F955CF4173E}.Debug|Any CPU.ActiveCfg = Debug|Any CPU
		{A0187BC2-8325-4BB2-8697-7F955CF4173E}.Debug|Any CPU.Build.0 = Debug|Any CPU
		{A0187BC2-8325-4BB2-8697-7F955CF4173E}.Release|Any CPU.ActiveCfg = Release|Any CPU
		{A0187BC2-8325-4BB2-8697-7F955CF4173E}.Release|Any CPU.Build.0 = Release|Any CPU
		{43C1B979-D593-4A32-BB3A-4316F1C66D66}.CodeAnalysis|Any CPU.ActiveCfg = CodeAnalysis|Any CPU
		{43C1B979-D593-4A32-BB3A-4316F1C66D66}.CodeAnalysis|Any CPU.Build.0 = CodeAnalysis|Any CPU
		{43C1B979-D593-4A32-BB3A-4316F1C66D66}.Debug|Any CPU.ActiveCfg = Debug|Any CPU
		{43C1B979-D593-4A32-BB3A-4316F1C66D66}.Debug|Any CPU.Build.0 = Debug|Any CPU
		{43C1B979-D593-4A32-BB3A-4316F1C66D66}.Release|Any CPU.ActiveCfg = Release|Any CPU
		{43C1B979-D593-4A32-BB3A-4316F1C66D66}.Release|Any CPU.Build.0 = Release|Any CPU
		{25DEF6F6-7F99-4EB7-91ED-5181A346AFE1}.CodeAnalysis|Any CPU.ActiveCfg = CodeAnalysis|Any CPU
		{25DEF6F6-7F99-4EB7-91ED-5181A346AFE1}.CodeAnalysis|Any CPU.Build.0 = CodeAnalysis|Any CPU
		{25DEF6F6-7F99-4EB7-91ED-5181A346AFE1}.Debug|Any CPU.ActiveCfg = Debug|Any CPU
		{25DEF6F6-7F99-4EB7-91ED-5181A346AFE1}.Debug|Any CPU.Build.0 = Debug|Any CPU
		{25DEF6F6-7F99-4EB7-91ED-5181A346AFE1}.Release|Any CPU.ActiveCfg = Release|Any CPU
		{25DEF6F6-7F99-4EB7-91ED-5181A346AFE1}.Release|Any CPU.Build.0 = Release|Any CPU
	EndGlobalSection
	GlobalSection(SolutionProperties) = preSolution
		HideSolutionNode = FALSE
	EndGlobalSection
	GlobalSection(NestedProjects) = preSolution
		{17298EA0-AF73-4F30-B6F1-2066100D7D74} = {679BAA44-7C00-45A8-B769-4442DAD8458C}
		{EDF5D964-4C0F-4F19-B674-58A38A5E5401} = {679BAA44-7C00-45A8-B769-4442DAD8458C}
		{5EB52D3D-09FD-463A-B02A-8D9856BD3724} = {679BAA44-7C00-45A8-B769-4442DAD8458C}
		{3979F157-DEB0-4878-AB1D-4CEF6B5A1300} = {679BAA44-7C00-45A8-B769-4442DAD8458C}
		{5B9B8451-736C-41F8-AD7E-D7E6885964BA} = {679BAA44-7C00-45A8-B769-4442DAD8458C}
		{8338C51E-DF08-43F4-BC7D-1B8584BB2AD5} = {DBAD8891-A456-4540-936F-D13B363F3141}
		{AC0BA4C5-4DAF-4B4B-AD6F-5CBBCE9174F2} = {836A951A-8018-4A73-8FAA-9BABFB831788}
		{9EA6F9A9-ED7E-4289-BDCE-5495A995D48E} = {836A951A-8018-4A73-8FAA-9BABFB831788}
		{BCFAEAAB-FEA0-4E1A-A54D-FB4C6CB6EDDB} = {836A951A-8018-4A73-8FAA-9BABFB831788}
		{56CAD51C-6ED0-4533-A90A-FC22791E1224} = {836A951A-8018-4A73-8FAA-9BABFB831788}
		{4806D1C6-1931-4AA9-83A8-1DAC10877146} = {836A951A-8018-4A73-8FAA-9BABFB831788}
		{186B38E8-1F98-4A05-AF43-1B7F502ECACD} = {836A951A-8018-4A73-8FAA-9BABFB831788}
		{61E9601B-2D0F-4FAD-A888-EC67CF287E59} = {836A951A-8018-4A73-8FAA-9BABFB831788}
		{4EB29220-EB0C-4C2D-8731-80F244DF90BD} = {836A951A-8018-4A73-8FAA-9BABFB831788}
		{91DED03F-7FC5-4161-BD9A-366F706C85F8} = {836A951A-8018-4A73-8FAA-9BABFB831788}
		{15861F2A-2709-4DCF-9338-C30AB68D9A16} = {836A951A-8018-4A73-8FAA-9BABFB831788}
		{DDC1CE0C-486E-4E35-BB3B-EAB61F8F9440} = {2ECE70A1-BACE-4595-8F75-5E051D5EF94B}
		{668E9021-CE84-49D9-98FB-DF125A9FCDB0} = {2ECE70A1-BACE-4595-8F75-5E051D5EF94B}
		{A0187BC2-8325-4BB2-8697-7F955CF4173E} = {2ECE70A1-BACE-4595-8F75-5E051D5EF94B}
		{43C1B979-D593-4A32-BB3A-4316F1C66D66} = {2ECE70A1-BACE-4595-8F75-5E051D5EF94B}
		{25DEF6F6-7F99-4EB7-91ED-5181A346AFE1} = {2ECE70A1-BACE-4595-8F75-5E051D5EF94B}
	EndGlobalSection
	GlobalSection(ExtensibilityGlobals) = postSolution
		SolutionGuid = {4D3BA14C-B582-4DE7-BCA5-A2067D1112A7}
	EndGlobalSection
EndGlobal
